// !$*UTF8*$!
{
	archiveVersion = 1;
	classes = {
	};
	objectVersion = 50;
	objects = {

/* Begin PBXBuildFile section */
		9381769C249B74BB00E18FA3 /* DemoPickerViewController.swift in Sources */ = {isa = PBXBuildFile; fileRef = 9381769B249B74BB00E18FA3 /* DemoPickerViewController.swift */; };
		9381769F249B79DC00E18FA3 /* ScrollToDayWithAnimationDemoViewController.swift in Sources */ = {isa = PBXBuildFile; fileRef = 9381769E249B79DC00E18FA3 /* ScrollToDayWithAnimationDemoViewController.swift */; };
		938176A1249B7CE600E18FA3 /* DayRangeSelectionDemoViewController.swift in Sources */ = {isa = PBXBuildFile; fileRef = 938176A0249B7CE600E18FA3 /* DayRangeSelectionDemoViewController.swift */; };
		938176A3249B7F0800E18FA3 /* SelectedDayTooltipDemoViewController.swift in Sources */ = {isa = PBXBuildFile; fileRef = 938176A2249B7F0800E18FA3 /* SelectedDayTooltipDemoViewController.swift */; };
		938176A5249B828600E18FA3 /* LargeDayRangeDemoViewController.swift in Sources */ = {isa = PBXBuildFile; fileRef = 938176A4249B828600E18FA3 /* LargeDayRangeDemoViewController.swift */; };
		938176A7249B85CE00E18FA3 /* DemoViewController.swift in Sources */ = {isa = PBXBuildFile; fileRef = 938176A6249B85CE00E18FA3 /* DemoViewController.swift */; };
		939853522498992E0022A3A1 /* TooltipView.swift in Sources */ = {isa = PBXBuildFile; fileRef = 939853512498992E0022A3A1 /* TooltipView.swift */; };
		939E696B2484CD8E00A8BCC7 /* AppDelegate.swift in Sources */ = {isa = PBXBuildFile; fileRef = 939E696A2484CD8E00A8BCC7 /* AppDelegate.swift */; };
		939E696F2484CD8E00A8BCC7 /* SingleDaySelectionDemoViewController.swift in Sources */ = {isa = PBXBuildFile; fileRef = 939E696E2484CD8E00A8BCC7 /* SingleDaySelectionDemoViewController.swift */; };
		939E69742484CD9000A8BCC7 /* Assets.xcassets in Resources */ = {isa = PBXBuildFile; fileRef = 939E69732484CD9000A8BCC7 /* Assets.xcassets */; };
		939E69772484CD9000A8BCC7 /* LaunchScreen.storyboard in Resources */ = {isa = PBXBuildFile; fileRef = 939E69752484CD9000A8BCC7 /* LaunchScreen.storyboard */; };
		939E69932484D55200A8BCC7 /* HorizonCalendar.framework in Frameworks */ = {isa = PBXBuildFile; fileRef = 939E69912484D11000A8BCC7 /* HorizonCalendar.framework */; };
		939E69942484D55200A8BCC7 /* HorizonCalendar.framework in Embed Frameworks */ = {isa = PBXBuildFile; fileRef = 939E69912484D11000A8BCC7 /* HorizonCalendar.framework */; settings = {ATTRIBUTES = (CodeSignOnCopy, RemoveHeadersOnCopy, ); }; };
		93A7258E24A1F26C00B4F08F /* PartialMonthVisibilityDemoViewController.swift in Sources */ = {isa = PBXBuildFile; fileRef = 93A7258D24A1F26C00B4F08F /* PartialMonthVisibilityDemoViewController.swift */; };
		93AF5545248DCC8900BDB0FF /* DayRangeIndicatorView.swift in Sources */ = {isa = PBXBuildFile; fileRef = 93AF5544248DCC8900BDB0FF /* DayRangeIndicatorView.swift */; };
		FD53899F299476AD007D56EB /* DayRangeSelectionTracker.swift in Sources */ = {isa = PBXBuildFile; fileRef = FD53899E299476AD007D56EB /* DayRangeSelectionTracker.swift */; };
		FD55C5D7298B138A00A9B5D6 /* SwiftUIScreenDemoViewController.swift in Sources */ = {isa = PBXBuildFile; fileRef = FD55C5D6298B138A00A9B5D6 /* SwiftUIScreenDemoViewController.swift */; };
		FDA0FB3528F5EFD90066DEFA /* SwiftUIDayView.swift in Sources */ = {isa = PBXBuildFile; fileRef = FDA0FB3428F5EFD90066DEFA /* SwiftUIDayView.swift */; };
		FDA0FB3728F5EFF60066DEFA /* SwiftUIItemModelsDemoViewController.swift in Sources */ = {isa = PBXBuildFile; fileRef = FDA0FB3628F5EFF60066DEFA /* SwiftUIItemModelsDemoViewController.swift */; };
		FDD8EE7429885AF500F6EC9D /* MonthBackgroundDemoViewController.swift in Sources */ = {isa = PBXBuildFile; fileRef = FDD8EE7329885AF500F6EC9D /* MonthBackgroundDemoViewController.swift */; };
/* End PBXBuildFile section */

/* Begin PBXCopyFilesBuildPhase section */
		939E69952484D55200A8BCC7 /* Embed Frameworks */ = {
			isa = PBXCopyFilesBuildPhase;
			buildActionMask = 2147483647;
			dstPath = "";
			dstSubfolderSpec = 10;
			files = (
				939E69942484D55200A8BCC7 /* HorizonCalendar.framework in Embed Frameworks */,
			);
			name = "Embed Frameworks";
			runOnlyForDeploymentPostprocessing = 0;
		};
/* End PBXCopyFilesBuildPhase section */

/* Begin PBXFileReference section */
		9381769B249B74BB00E18FA3 /* DemoPickerViewController.swift */ = {isa = PBXFileReference; lastKnownFileType = sourcecode.swift; path = DemoPickerViewController.swift; sourceTree = "<group>"; };
		9381769E249B79DC00E18FA3 /* ScrollToDayWithAnimationDemoViewController.swift */ = {isa = PBXFileReference; lastKnownFileType = sourcecode.swift; path = ScrollToDayWithAnimationDemoViewController.swift; sourceTree = "<group>"; };
		938176A0249B7CE600E18FA3 /* DayRangeSelectionDemoViewController.swift */ = {isa = PBXFileReference; lastKnownFileType = sourcecode.swift; path = DayRangeSelectionDemoViewController.swift; sourceTree = "<group>"; };
		938176A2249B7F0800E18FA3 /* SelectedDayTooltipDemoViewController.swift */ = {isa = PBXFileReference; lastKnownFileType = sourcecode.swift; path = SelectedDayTooltipDemoViewController.swift; sourceTree = "<group>"; };
		938176A4249B828600E18FA3 /* LargeDayRangeDemoViewController.swift */ = {isa = PBXFileReference; lastKnownFileType = sourcecode.swift; path = LargeDayRangeDemoViewController.swift; sourceTree = "<group>"; };
		938176A6249B85CE00E18FA3 /* DemoViewController.swift */ = {isa = PBXFileReference; lastKnownFileType = sourcecode.swift; path = DemoViewController.swift; sourceTree = "<group>"; };
		939853512498992E0022A3A1 /* TooltipView.swift */ = {isa = PBXFileReference; lastKnownFileType = sourcecode.swift; path = TooltipView.swift; sourceTree = "<group>"; };
		939E69672484CD8E00A8BCC7 /* HorizonCalendarExample.app */ = {isa = PBXFileReference; explicitFileType = wrapper.application; includeInIndex = 0; path = HorizonCalendarExample.app; sourceTree = BUILT_PRODUCTS_DIR; };
		939E696A2484CD8E00A8BCC7 /* AppDelegate.swift */ = {isa = PBXFileReference; lastKnownFileType = sourcecode.swift; path = AppDelegate.swift; sourceTree = "<group>"; };
		939E696E2484CD8E00A8BCC7 /* SingleDaySelectionDemoViewController.swift */ = {isa = PBXFileReference; lastKnownFileType = sourcecode.swift; path = SingleDaySelectionDemoViewController.swift; sourceTree = "<group>"; };
		939E69732484CD9000A8BCC7 /* Assets.xcassets */ = {isa = PBXFileReference; lastKnownFileType = folder.assetcatalog; path = Assets.xcassets; sourceTree = "<group>"; };
		939E69762484CD9000A8BCC7 /* Base */ = {isa = PBXFileReference; lastKnownFileType = file.storyboard; name = Base; path = Base.lproj/LaunchScreen.storyboard; sourceTree = "<group>"; };
		939E69782484CD9000A8BCC7 /* Info.plist */ = {isa = PBXFileReference; lastKnownFileType = text.plist.xml; path = Info.plist; sourceTree = "<group>"; };
		939E69912484D11000A8BCC7 /* HorizonCalendar.framework */ = {isa = PBXFileReference; explicitFileType = wrapper.framework; path = HorizonCalendar.framework; sourceTree = BUILT_PRODUCTS_DIR; };
		93A7258D24A1F26C00B4F08F /* PartialMonthVisibilityDemoViewController.swift */ = {isa = PBXFileReference; lastKnownFileType = sourcecode.swift; path = PartialMonthVisibilityDemoViewController.swift; sourceTree = "<group>"; };
		93AF5544248DCC8900BDB0FF /* DayRangeIndicatorView.swift */ = {isa = PBXFileReference; lastKnownFileType = sourcecode.swift; path = DayRangeIndicatorView.swift; sourceTree = "<group>"; };
		FD53899E299476AD007D56EB /* DayRangeSelectionTracker.swift */ = {isa = PBXFileReference; lastKnownFileType = sourcecode.swift; path = DayRangeSelectionTracker.swift; sourceTree = "<group>"; };
		FD55C5D6298B138A00A9B5D6 /* SwiftUIScreenDemoViewController.swift */ = {isa = PBXFileReference; lastKnownFileType = sourcecode.swift; path = SwiftUIScreenDemoViewController.swift; sourceTree = "<group>"; };
		FDA0FB3428F5EFD90066DEFA /* SwiftUIDayView.swift */ = {isa = PBXFileReference; fileEncoding = 4; lastKnownFileType = sourcecode.swift; path = SwiftUIDayView.swift; sourceTree = "<group>"; };
		FDA0FB3628F5EFF60066DEFA /* SwiftUIItemModelsDemoViewController.swift */ = {isa = PBXFileReference; fileEncoding = 4; lastKnownFileType = sourcecode.swift; path = SwiftUIItemModelsDemoViewController.swift; sourceTree = "<group>"; };
		FDD8EE7329885AF500F6EC9D /* MonthBackgroundDemoViewController.swift */ = {isa = PBXFileReference; lastKnownFileType = sourcecode.swift; path = MonthBackgroundDemoViewController.swift; sourceTree = "<group>"; };
/* End PBXFileReference section */

/* Begin PBXFrameworksBuildPhase section */
		939E69642484CD8E00A8BCC7 /* Frameworks */ = {
			isa = PBXFrameworksBuildPhase;
			buildActionMask = 2147483647;
			files = (
				939E69932484D55200A8BCC7 /* HorizonCalendar.framework in Frameworks */,
			);
			runOnlyForDeploymentPostprocessing = 0;
		};
/* End PBXFrameworksBuildPhase section */

/* Begin PBXGroup section */
		9381769D249B79CB00E18FA3 /* Demo View Controllers */ = {
			isa = PBXGroup;
			children = (
				938176A6249B85CE00E18FA3 /* DemoViewController.swift */,
				939E696E2484CD8E00A8BCC7 /* SingleDaySelectionDemoViewController.swift */,
				938176A0249B7CE600E18FA3 /* DayRangeSelectionDemoViewController.swift */,
				938176A2249B7F0800E18FA3 /* SelectedDayTooltipDemoViewController.swift */,
				938176A4249B828600E18FA3 /* LargeDayRangeDemoViewController.swift */,
				9381769E249B79DC00E18FA3 /* ScrollToDayWithAnimationDemoViewController.swift */,
				93A7258D24A1F26C00B4F08F /* PartialMonthVisibilityDemoViewController.swift */,
				FDD8EE7329885AF500F6EC9D /* MonthBackgroundDemoViewController.swift */,
				FDA0FB3628F5EFF60066DEFA /* SwiftUIItemModelsDemoViewController.swift */,
				FD55C5D6298B138A00A9B5D6 /* SwiftUIScreenDemoViewController.swift */,
			);
			path = "Demo View Controllers";
			sourceTree = "<group>";
		};
		939E695E2484CD8E00A8BCC7 = {
			isa = PBXGroup;
			children = (
				939E69692484CD8E00A8BCC7 /* HorizonCalendarExample */,
				939E69682484CD8E00A8BCC7 /* Products */,
				939E69902484D11000A8BCC7 /* Frameworks */,
			);
			sourceTree = "<group>";
		};
		939E69682484CD8E00A8BCC7 /* Products */ = {
			isa = PBXGroup;
			children = (
				939E69672484CD8E00A8BCC7 /* HorizonCalendarExample.app */,
			);
			name = Products;
			sourceTree = "<group>";
		};
		939E69692484CD8E00A8BCC7 /* HorizonCalendarExample */ = {
			isa = PBXGroup;
			children = (
				939E696A2484CD8E00A8BCC7 /* AppDelegate.swift */,
				9381769B249B74BB00E18FA3 /* DemoPickerViewController.swift */,
				9381769D249B79CB00E18FA3 /* Demo View Controllers */,
				FD53899E299476AD007D56EB /* DayRangeSelectionTracker.swift */,
				93AF5544248DCC8900BDB0FF /* DayRangeIndicatorView.swift */,
				FDA0FB3428F5EFD90066DEFA /* SwiftUIDayView.swift */,
				939853512498992E0022A3A1 /* TooltipView.swift */,
				939E69732484CD9000A8BCC7 /* Assets.xcassets */,
				939E69752484CD9000A8BCC7 /* LaunchScreen.storyboard */,
				939E69782484CD9000A8BCC7 /* Info.plist */,
			);
			path = HorizonCalendarExample;
			sourceTree = "<group>";
		};
		939E69902484D11000A8BCC7 /* Frameworks */ = {
			isa = PBXGroup;
			children = (
				939E69912484D11000A8BCC7 /* HorizonCalendar.framework */,
			);
			name = Frameworks;
			sourceTree = "<group>";
		};
/* End PBXGroup section */

/* Begin PBXNativeTarget section */
		939E69662484CD8E00A8BCC7 /* HorizonCalendarExample */ = {
			isa = PBXNativeTarget;
			buildConfigurationList = 939E697B2484CD9000A8BCC7 /* Build configuration list for PBXNativeTarget "HorizonCalendarExample" */;
			buildPhases = (
				939E69632484CD8E00A8BCC7 /* Sources */,
				939E69642484CD8E00A8BCC7 /* Frameworks */,
				939E69652484CD8E00A8BCC7 /* Resources */,
				939E69952484D55200A8BCC7 /* Embed Frameworks */,
			);
			buildRules = (
			);
			dependencies = (
			);
			name = HorizonCalendarExample;
			productName = HorizonCalendarExample;
			productReference = 939E69672484CD8E00A8BCC7 /* HorizonCalendarExample.app */;
			productType = "com.apple.product-type.application";
		};
/* End PBXNativeTarget section */

/* Begin PBXProject section */
		939E695F2484CD8E00A8BCC7 /* Project object */ = {
			isa = PBXProject;
			attributes = {
				LastSwiftUpdateCheck = 1150;
				LastUpgradeCheck = 1200;
				ORGANIZATIONNAME = Airbnb;
				TargetAttributes = {
					939E69662484CD8E00A8BCC7 = {
						CreatedOnToolsVersion = 11.5;
					};
				};
			};
			buildConfigurationList = 939E69622484CD8E00A8BCC7 /* Build configuration list for PBXProject "HorizonCalendarExample" */;
			compatibilityVersion = "Xcode 9.3";
			developmentRegion = en;
			hasScannedForEncodings = 0;
			knownRegions = (
				en,
				Base,
			);
			mainGroup = 939E695E2484CD8E00A8BCC7;
			productRefGroup = 939E69682484CD8E00A8BCC7 /* Products */;
			projectDirPath = "";
			projectRoot = "";
			targets = (
				939E69662484CD8E00A8BCC7 /* HorizonCalendarExample */,
			);
		};
/* End PBXProject section */

/* Begin PBXResourcesBuildPhase section */
		939E69652484CD8E00A8BCC7 /* Resources */ = {
			isa = PBXResourcesBuildPhase;
			buildActionMask = 2147483647;
			files = (
				939E69772484CD9000A8BCC7 /* LaunchScreen.storyboard in Resources */,
				939E69742484CD9000A8BCC7 /* Assets.xcassets in Resources */,
			);
			runOnlyForDeploymentPostprocessing = 0;
		};
/* End PBXResourcesBuildPhase section */

/* Begin PBXSourcesBuildPhase section */
		939E69632484CD8E00A8BCC7 /* Sources */ = {
			isa = PBXSourcesBuildPhase;
			buildActionMask = 2147483647;
			files = (
				93A7258E24A1F26C00B4F08F /* PartialMonthVisibilityDemoViewController.swift in Sources */,
				FDA0FB3728F5EFF60066DEFA /* SwiftUIItemModelsDemoViewController.swift in Sources */,
				939E696F2484CD8E00A8BCC7 /* SingleDaySelectionDemoViewController.swift in Sources */,
				938176A3249B7F0800E18FA3 /* SelectedDayTooltipDemoViewController.swift in Sources */,
				FDA0FB3528F5EFD90066DEFA /* SwiftUIDayView.swift in Sources */,
				938176A1249B7CE600E18FA3 /* DayRangeSelectionDemoViewController.swift in Sources */,
				FD53899F299476AD007D56EB /* DayRangeSelectionTracker.swift in Sources */,
				9381769C249B74BB00E18FA3 /* DemoPickerViewController.swift in Sources */,
				939853522498992E0022A3A1 /* TooltipView.swift in Sources */,
				938176A7249B85CE00E18FA3 /* DemoViewController.swift in Sources */,
				9381769F249B79DC00E18FA3 /* ScrollToDayWithAnimationDemoViewController.swift in Sources */,
				93AF5545248DCC8900BDB0FF /* DayRangeIndicatorView.swift in Sources */,
				938176A5249B828600E18FA3 /* LargeDayRangeDemoViewController.swift in Sources */,
				FDD8EE7429885AF500F6EC9D /* MonthBackgroundDemoViewController.swift in Sources */,
				FD55C5D7298B138A00A9B5D6 /* SwiftUIScreenDemoViewController.swift in Sources */,
				939E696B2484CD8E00A8BCC7 /* AppDelegate.swift in Sources */,
			);
			runOnlyForDeploymentPostprocessing = 0;
		};
/* End PBXSourcesBuildPhase section */

/* Begin PBXVariantGroup section */
		939E69752484CD9000A8BCC7 /* LaunchScreen.storyboard */ = {
			isa = PBXVariantGroup;
			children = (
				939E69762484CD9000A8BCC7 /* Base */,
			);
			name = LaunchScreen.storyboard;
			sourceTree = "<group>";
		};
/* End PBXVariantGroup section */

/* Begin XCBuildConfiguration section */
		939E69792484CD9000A8BCC7 /* Debug */ = {
			isa = XCBuildConfiguration;
			buildSettings = {
				ALWAYS_SEARCH_USER_PATHS = NO;
				CLANG_ANALYZER_NONNULL = YES;
				CLANG_ANALYZER_NUMBER_OBJECT_CONVERSION = YES_AGGRESSIVE;
				CLANG_CXX_LANGUAGE_STANDARD = "gnu++14";
				CLANG_CXX_LIBRARY = "libc++";
				CLANG_ENABLE_MODULES = YES;
				CLANG_ENABLE_OBJC_ARC = YES;
				CLANG_ENABLE_OBJC_WEAK = YES;
				CLANG_WARN_BLOCK_CAPTURE_AUTORELEASING = YES;
				CLANG_WARN_BOOL_CONVERSION = YES;
				CLANG_WARN_COMMA = YES;
				CLANG_WARN_CONSTANT_CONVERSION = YES;
				CLANG_WARN_DEPRECATED_OBJC_IMPLEMENTATIONS = YES;
				CLANG_WARN_DIRECT_OBJC_ISA_USAGE = YES_ERROR;
				CLANG_WARN_DOCUMENTATION_COMMENTS = YES;
				CLANG_WARN_EMPTY_BODY = YES;
				CLANG_WARN_ENUM_CONVERSION = YES;
				CLANG_WARN_INFINITE_RECURSION = YES;
				CLANG_WARN_INT_CONVERSION = YES;
				CLANG_WARN_NON_LITERAL_NULL_CONVERSION = YES;
				CLANG_WARN_OBJC_IMPLICIT_RETAIN_SELF = YES;
				CLANG_WARN_OBJC_LITERAL_CONVERSION = YES;
				CLANG_WARN_OBJC_ROOT_CLASS = YES_ERROR;
				CLANG_WARN_QUOTED_INCLUDE_IN_FRAMEWORK_HEADER = YES;
				CLANG_WARN_RANGE_LOOP_ANALYSIS = YES;
				CLANG_WARN_STRICT_PROTOTYPES = YES;
				CLANG_WARN_SUSPICIOUS_MOVE = YES;
				CLANG_WARN_UNGUARDED_AVAILABILITY = YES_AGGRESSIVE;
				CLANG_WARN_UNREACHABLE_CODE = YES;
				CLANG_WARN__DUPLICATE_METHOD_MATCH = YES;
				COPY_PHASE_STRIP = NO;
				DEBUG_INFORMATION_FORMAT = dwarf;
				ENABLE_STRICT_OBJC_MSGSEND = YES;
				ENABLE_TESTABILITY = YES;
				GCC_C_LANGUAGE_STANDARD = gnu11;
				GCC_DYNAMIC_NO_PIC = NO;
				GCC_NO_COMMON_BLOCKS = YES;
				GCC_OPTIMIZATION_LEVEL = 0;
				GCC_PREPROCESSOR_DEFINITIONS = (
					"DEBUG=1",
					"$(inherited)",
				);
				GCC_WARN_64_TO_32_BIT_CONVERSION = YES;
				GCC_WARN_ABOUT_RETURN_TYPE = YES_ERROR;
				GCC_WARN_UNDECLARED_SELECTOR = YES;
				GCC_WARN_UNINITIALIZED_AUTOS = YES_AGGRESSIVE;
				GCC_WARN_UNUSED_FUNCTION = YES;
				GCC_WARN_UNUSED_VARIABLE = YES;
				IPHONEOS_DEPLOYMENT_TARGET = 16.0;
				MTL_ENABLE_DEBUG_INFO = INCLUDE_SOURCE;
				MTL_FAST_MATH = YES;
				ONLY_ACTIVE_ARCH = YES;
				SDKROOT = iphoneos;
				SWIFT_ACTIVE_COMPILATION_CONDITIONS = DEBUG;
				SWIFT_OPTIMIZATION_LEVEL = "-Onone";
			};
			name = Debug;
		};
		939E697A2484CD9000A8BCC7 /* Release */ = {
			isa = XCBuildConfiguration;
			buildSettings = {
				ALWAYS_SEARCH_USER_PATHS = NO;
				CLANG_ANALYZER_NONNULL = YES;
				CLANG_ANALYZER_NUMBER_OBJECT_CONVERSION = YES_AGGRESSIVE;
				CLANG_CXX_LANGUAGE_STANDARD = "gnu++14";
				CLANG_CXX_LIBRARY = "libc++";
				CLANG_ENABLE_MODULES = YES;
				CLANG_ENABLE_OBJC_ARC = YES;
				CLANG_ENABLE_OBJC_WEAK = YES;
				CLANG_WARN_BLOCK_CAPTURE_AUTORELEASING = YES;
				CLANG_WARN_BOOL_CONVERSION = YES;
				CLANG_WARN_COMMA = YES;
				CLANG_WARN_CONSTANT_CONVERSION = YES;
				CLANG_WARN_DEPRECATED_OBJC_IMPLEMENTATIONS = YES;
				CLANG_WARN_DIRECT_OBJC_ISA_USAGE = YES_ERROR;
				CLANG_WARN_DOCUMENTATION_COMMENTS = YES;
				CLANG_WARN_EMPTY_BODY = YES;
				CLANG_WARN_ENUM_CONVERSION = YES;
				CLANG_WARN_INFINITE_RECURSION = YES;
				CLANG_WARN_INT_CONVERSION = YES;
				CLANG_WARN_NON_LITERAL_NULL_CONVERSION = YES;
				CLANG_WARN_OBJC_IMPLICIT_RETAIN_SELF = YES;
				CLANG_WARN_OBJC_LITERAL_CONVERSION = YES;
				CLANG_WARN_OBJC_ROOT_CLASS = YES_ERROR;
				CLANG_WARN_QUOTED_INCLUDE_IN_FRAMEWORK_HEADER = YES;
				CLANG_WARN_RANGE_LOOP_ANALYSIS = YES;
				CLANG_WARN_STRICT_PROTOTYPES = YES;
				CLANG_WARN_SUSPICIOUS_MOVE = YES;
				CLANG_WARN_UNGUARDED_AVAILABILITY = YES_AGGRESSIVE;
				CLANG_WARN_UNREACHABLE_CODE = YES;
				CLANG_WARN__DUPLICATE_METHOD_MATCH = YES;
				COPY_PHASE_STRIP = NO;
				DEBUG_INFORMATION_FORMAT = "dwarf-with-dsym";
				ENABLE_NS_ASSERTIONS = NO;
				ENABLE_STRICT_OBJC_MSGSEND = YES;
				GCC_C_LANGUAGE_STANDARD = gnu11;
				GCC_NO_COMMON_BLOCKS = YES;
				GCC_WARN_64_TO_32_BIT_CONVERSION = YES;
				GCC_WARN_ABOUT_RETURN_TYPE = YES_ERROR;
				GCC_WARN_UNDECLARED_SELECTOR = YES;
				GCC_WARN_UNINITIALIZED_AUTOS = YES_AGGRESSIVE;
				GCC_WARN_UNUSED_FUNCTION = YES;
				GCC_WARN_UNUSED_VARIABLE = YES;
				IPHONEOS_DEPLOYMENT_TARGET = 16.0;
				MTL_ENABLE_DEBUG_INFO = NO;
				MTL_FAST_MATH = YES;
				SDKROOT = iphoneos;
				SWIFT_COMPILATION_MODE = wholemodule;
				SWIFT_OPTIMIZATION_LEVEL = "-O";
				VALIDATE_PRODUCT = YES;
			};
			name = Release;
		};
		939E697C2484CD9000A8BCC7 /* Debug */ = {
			isa = XCBuildConfiguration;
			buildSettings = {
				ASSETCATALOG_COMPILER_APPICON_NAME = AppIcon;
				CODE_SIGN_STYLE = Automatic;
				DEVELOPMENT_TEAM = C835JB7RUE;
				INFOPLIST_FILE = HorizonCalendarExample/Info.plist;
				IPHONEOS_DEPLOYMENT_TARGET = 16.0;
				LD_RUNPATH_SEARCH_PATHS = (
					"$(inherited)",
					"@executable_path/Frameworks",
				);
				PRODUCT_BUNDLE_IDENTIFIER = com.airbnb.HorizonCalendarExample;
				PRODUCT_NAME = "$(TARGET_NAME)";
				SWIFT_VERSION = 5.0;
				TARGETED_DEVICE_FAMILY = "1,2";
			};
			name = Debug;
		};
		939E697D2484CD9000A8BCC7 /* Release */ = {
			isa = XCBuildConfiguration;
			buildSettings = {
				ASSETCATALOG_COMPILER_APPICON_NAME = AppIcon;
				CODE_SIGN_STYLE = Automatic;
				DEVELOPMENT_TEAM = C835JB7RUE;
				INFOPLIST_FILE = HorizonCalendarExample/Info.plist;
				IPHONEOS_DEPLOYMENT_TARGET = 16.0;
				LD_RUNPATH_SEARCH_PATHS = (
					"$(inherited)",
					"@executable_path/Frameworks",
				);
				PRODUCT_BUNDLE_IDENTIFIER = com.airbnb.HorizonCalendarExample;
				PRODUCT_NAME = "$(TARGET_NAME)";
				SWIFT_VERSION = 5.0;
				TARGETED_DEVICE_FAMILY = "1,2";
			};
			name = Release;
		};
/* End XCBuildConfiguration section */

/* Begin XCConfigurationList section */
		939E69622484CD8E00A8BCC7 /* Build configuration list for PBXProject "HorizonCalendarExample" */ = {
			isa = XCConfigurationList;
			buildConfigurations = (
				939E69792484CD9000A8BCC7 /* Debug */,
				939E697A2484CD9000A8BCC7 /* Release */,
			);
			defaultConfigurationIsVisible = 0;
			defaultConfigurationName = Release;
		};
		939E697B2484CD9000A8BCC7 /* Build configuration list for PBXNativeTarget "HorizonCalendarExample" */ = {
			isa = XCConfigurationList;
			buildConfigurations = (
				939E697C2484CD9000A8BCC7 /* Debug */,
				939E697D2484CD9000A8BCC7 /* Release */,
			);
			defaultConfigurationIsVisible = 0;
			defaultConfigurationName = Release;
		};
/* End XCConfigurationList section */
	};
	rootObject = 939E695F2484CD8E00A8BCC7 /* Project object */;
}
